
Microsoft Visual Studio Solution File, Format Version 12.00
# Visual Studio Version 17
VisualStudioVersion = 17.8.0.0
MinimumVisualStudioVersion = 17.8.0.0
Project("{9A19103F-16F7-4668-BE54-9A1E7A4F7556}") = "AgentsDemystified.AppHost", "AgentsDemystified.AppHost\AgentsDemystified.AppHost.csproj", "{BC7E963B-73D0-4ED7-93FB-9F588A3E411F}"
EndProject
Project("{9A19103F-16F7-4668-BE54-9A1E7A4F7556}") = "AgentsDemystified.ServiceDefaults", "AgentsDemystified.ServiceDefaults\AgentsDemystified.ServiceDefaults.csproj", "{F516C57A-ABAD-4781-8127-EE397CD2B218}"
EndProject
Project("{FAE04EC0-301F-11D3-BF4B-00C04F79EFBC}") = "AgentsDemystified.Console", "AgentsDemystified.Console\AgentsDemystified.Console.csproj", "{E9521518-13D9-49A3-9785-21AFC6458142}"
EndProject
Global
	GlobalSection(SolutionConfigurationPlatforms) = preSolution
		Debug|Any CPU = Debug|Any CPU
		Debug|x64 = Debug|x64
		Debug|x86 = Debug|x86
		Release|Any CPU = Release|Any CPU
		Release|x64 = Release|x64
		Release|x86 = Release|x86
	EndGlobalSection
	GlobalSection(ProjectConfigurationPlatforms) = postSolution
		{BC7E963B-73D0-4ED7-93FB-9F588A3E411F}.Debug|Any CPU.ActiveCfg = Debug|Any CPU
		{BC7E963B-73D0-4ED7-93FB-9F588A3E411F}.Debug|Any CPU.Build.0 = Debug|Any CPU
		{BC7E963B-73D0-4ED7-93FB-9F588A3E411F}.Debug|x64.ActiveCfg = Debug|Any CPU
		{BC7E963B-73D0-4ED7-93FB-9F588A3E411F}.Debug|x64.Build.0 = Debug|Any CPU
		{BC7E963B-73D0-4ED7-93FB-9F588A3E411F}.Debug|x86.ActiveCfg = Debug|Any CPU
		{BC7E963B-73D0-4ED7-93FB-9F588A3E411F}.Debug|x86.Build.0 = Debug|Any CPU
		{BC7E963B-73D0-4ED7-93FB-9F588A3E411F}.Release|Any CPU.ActiveCfg = Release|Any CPU
		{BC7E963B-73D0-4ED7-93FB-9F588A3E411F}.Release|Any CPU.Build.0 = Release|Any CPU
		{BC7E963B-73D0-4ED7-93FB-9F588A3E411F}.Release|x64.ActiveCfg = Release|Any CPU
		{BC7E963B-73D0-4ED7-93FB-9F588A3E411F}.Release|x64.Build.0 = Release|Any CPU
		{BC7E963B-73D0-4ED7-93FB-9F588A3E411F}.Release|x86.ActiveCfg = Release|Any CPU
		{BC7E963B-73D0-4ED7-93FB-9F588A3E411F}.Release|x86.Build.0 = Release|Any CPU
		{F516C57A-ABAD-4781-8127-EE397CD2B218}.Debug|Any CPU.ActiveCfg = Debug|Any CPU
		{F516C57A-ABAD-4781-8127-EE397CD2B218}.Debug|Any CPU.Build.0 = Debug|Any CPU
		{F516C57A-ABAD-4781-8127-EE397CD2B218}.Debug|x64.ActiveCfg = Debug|Any CPU
		{F516C57A-ABAD-4781-8127-EE397CD2B218}.Debug|x64.Build.0 = Debug|Any CPU
		{F516C57A-ABAD-4781-8127-EE397CD2B218}.Debug|x86.ActiveCfg = Debug|Any CPU
		{F516C57A-ABAD-4781-8127-EE397CD2B218}.Debug|x86.Build.0 = Debug|Any CPU
		{F516C57A-ABAD-4781-8127-EE397CD2B218}.Release|Any CPU.ActiveCfg = Release|Any CPU
		{F516C57A-ABAD-4781-8127-EE397CD2B218}.Release|Any CPU.Build.0 = Release|Any CPU
		{F516C57A-ABAD-4781-8127-EE397CD2B218}.Release|x64.ActiveCfg = Release|Any CPU
		{F516C57A-ABAD-4781-8127-EE397CD2B218}.Release|x64.Build.0 = Release|Any CPU
		{F516C57A-ABAD-4781-8127-EE397CD2B218}.Release|x86.ActiveCfg = Release|Any CPU
		{F516C57A-ABAD-4781-8127-EE397CD2B218}.Release|x86.Build.0 = Release|Any CPU
		{E9521518-13D9-49A3-9785-21AFC6458142}.Debug|Any CPU.ActiveCfg = Debug|Any CPU
		{E9521518-13D9-49A3-9785-21AFC6458142}.Debug|Any CPU.Build.0 = Debug|Any CPU
		{E9521518-13D9-49A3-9785-21AFC6458142}.Debug|x64.ActiveCfg = Debug|Any CPU
		{E9521518-13D9-49A3-9785-21AFC6458142}.Debug|x64.Build.0 = Debug|Any CPU
		{E9521518-13D9-49A3-9785-21AFC6458142}.Debug|x86.ActiveCfg = Debug|Any CPU
		{E9521518-13D9-49A3-9785-21AFC6458142}.Debug|x86.Build.0 = Debug|Any CPU
		{E9521518-13D9-49A3-9785-21AFC6458142}.Release|Any CPU.ActiveCfg = Release|Any CPU
		{E9521518-13D9-49A3-9785-21AFC6458142}.Release|Any CPU.Build.0 = Release|Any CPU
		{E9521518-13D9-49A3-9785-21AFC6458142}.Release|x64.ActiveCfg = Release|Any CPU
		{E9521518-13D9-49A3-9785-21AFC6458142}.Release|x64.Build.0 = Release|Any CPU
		{E9521518-13D9-49A3-9785-21AFC6458142}.Release|x86.ActiveCfg = Release|Any CPU
		{E9521518-13D9-49A3-9785-21AFC6458142}.Release|x86.Build.0 = Release|Any CPU
	EndGlobalSection
	GlobalSection(SolutionProperties) = preSolution
		HideSolutionNode = FALSE
	EndGlobalSection
	GlobalSection(ExtensibilityGlobals) = postSolution
		SolutionGuid = {FF33BB0E-FEBF-459B-B887-E208B6C002C8}
	EndGlobalSection
EndGlobal
